{
	"name": "@lemonade/viewer",
	"version": "1.0.0",
	"lockfileVersion": 1,
	"requires": true,
	"dependencies": {
		"@aqrojo/class-names": {
			"version": "1.0.0",
			"resolved": "https://registry.npmjs.org/@aqrojo/class-names/-/class-names-1.0.0.tgz",
			"integrity": "sha512-L0jEl4zR94ptIFagzsEF7G0ddJrlcuPXYOEFSbyWdiaInwYku7oQRpkRZ+TPCb0OCExQOQqbQZQqM/6qO+6D7w=="
		},
		"@aqrojo/when": {
			"version": "1.0.3",
			"resolved": "https://registry.npmjs.org/@aqrojo/when/-/when-1.0.3.tgz",
			"integrity": "sha512-9fG5oRH8qDe+O2mTL5p22XoN2qmjLfJjfyEJv1g7ddSbHdw8FPM83MyQLv3JLkWKy4jS9c23F+UZtXGaZog5SA=="
		},
		"mobx": {
			"version": "5.15.7",
			"resolved": "https://registry.npmjs.org/mobx/-/mobx-5.15.7.tgz",
			"integrity": "sha512-wyM3FghTkhmC+hQjyPGGFdpehrcX1KOXsDuERhfK2YbJemkUhEB+6wzEN639T21onxlfYBmriA1PFnvxTUhcKw=="
		},
		"mobx-react-lite": {
			"version": "2.2.2",
			"resolved": "https://registry.npmjs.org/mobx-react-lite/-/mobx-react-lite-2.2.2.tgz",
			"integrity": "sha512-2SlXALHIkyUPDsV4VTKVR9DW7K3Ksh1aaIv3NrNJygTbhXe2A9GrcKHZ2ovIiOp/BXilOcTYemfHHZubP431dg=="
		}
	}
}
